
Microsoft Visual Studio Solution File, Format Version 12.00
# Visual Studio Version 17
VisualStudioVersion = 17.9.34701.34
MinimumVisualStudioVersion = 10.0.40219.1
Project("{FAE04EC0-301F-11D3-BF4B-00C04F79EFBC}") = "PostmanClone", "PostmanClone\PostmanClone.csproj", "{098A4EC1-ED3E-43EE-82BC-CA838C269D75}"
EndProject
Project("{FAE04EC0-301F-11D3-BF4B-00C04F79EFBC}") = "PostmanCloneUI", "PostmanCloneUI\PostmanCloneUI.csproj", "{9D6B5129-3277-421C-B189-C1DEF29BEDAD}"
EndProject
Global
	GlobalSection(SolutionConfigurationPlatforms) = preSolution
		Debug|Any CPU = Debug|Any CPU
		Release|Any CPU = Release|Any CPU
	EndGlobalSection
	GlobalSection(ProjectConfigurationPlatforms) = postSolution
		{098A4EC1-ED3E-43EE-82BC-CA838C269D75}.Debug|Any CPU.ActiveCfg = Debug|Any CPU
		{098A4EC1-ED3E-43EE-82BC-CA838C269D75}.Debug|Any CPU.Build.0 = Debug|Any CPU
		{098A4EC1-ED3E-43EE-82BC-CA838C269D75}.Release|Any CPU.ActiveCfg = Release|Any CPU
		{098A4EC1-ED3E-43EE-82BC-CA838C269D75}.Release|Any CPU.Build.0 = Release|Any CPU
		{9D6B5129-3277-421C-B189-C1DEF29BEDAD}.Debug|Any CPU.ActiveCfg = Debug|Any CPU
		{9D6B5129-3277-421C-B189-C1DEF29BEDAD}.Debug|Any CPU.Build.0 = Debug|Any CPU
		{9D6B5129-3277-421C-B189-C1DEF29BEDAD}.Release|Any CPU.ActiveCfg = Release|Any CPU
		{9D6B5129-3277-421C-B189-C1DEF29BEDAD}.Release|Any CPU.Build.0 = Release|Any CPU
	EndGlobalSection
	GlobalSection(SolutionProperties) = preSolution
		HideSolutionNode = FALSE
	EndGlobalSection
	GlobalSection(ExtensibilityGlobals) = postSolution
		SolutionGuid = {571357F9-D9DA-4A34-BB1F-7DE262328953}
	EndGlobalSection
EndGlobal
